// !$*UTF8*$!
{
	archiveVersion = 1;
	classes = {
	};
	objectVersion = 46;
	objects = {

/* Begin PBXBuildFile section */
		6A2E145D1B4A176D00483FF3 /* main.m in Sources */ = {isa = PBXBuildFile; fileRef = 6A2E145C1B4A176D00483FF3 /* main.m */; };
		6A2E14601B4A176D00483FF3 /* AppDelegate.m in Sources */ = {isa = PBXBuildFile; fileRef = 6A2E145F1B4A176D00483FF3 /* AppDelegate.m */; };
		6A2E14631B4A176D00483FF3 /* ViewController.m in Sources */ = {isa = PBXBuildFile; fileRef = 6A2E14621B4A176D00483FF3 /* ViewController.m */; };
		6A2E14661B4A176D00483FF3 /* Main.storyboard in Resources */ = {isa = PBXBuildFile; fileRef = 6A2E14641B4A176D00483FF3 /* Main.storyboard */; };
		6A2E14681B4A176D00483FF3 /* Images.xcassets in Resources */ = {isa = PBXBuildFile; fileRef = 6A2E14671B4A176D00483FF3 /* Images.xcassets */; };
		6A2E146B1B4A176D00483FF3 /* LaunchScreen.xib in Resources */ = {isa = PBXBuildFile; fileRef = 6A2E14691B4A176D00483FF3 /* LaunchScreen.xib */; };
		6A2E14771B4A176D00483FF3 /* touchUnlockTests.m in Sources */ = {isa = PBXBuildFile; fileRef = 6A2E14761B4A176D00483FF3 /* touchUnlockTests.m */; };
		6A2E14821B4A183D00483FF3 /* JLTouchUnlock.m in Sources */ = {isa = PBXBuildFile; fileRef = 6A2E14811B4A183D00483FF3 /* JLTouchUnlock.m */; };
		6A2E14891B4A187300483FF3 /* gesture_node_highlighted.png in Resources */ = {isa = PBXBuildFile; fileRef = 6A2E14851B4A187300483FF3 /* gesture_node_highlighted.png */; };
		6A2E148A1B4A187300483FF3 /* gesture_node_highlighted@2x.png in Resources */ = {isa = PBXBuildFile; fileRef = 6A2E14861B4A187300483FF3 /* gesture_node_highlighted@2x.png */; };
		6A2E148B1B4A187300483FF3 /* gesture_node_normal.png in Resources */ = {isa = PBXBuildFile; fileRef = 6A2E14871B4A187300483FF3 /* gesture_node_normal.png */; };
		6A2E148C1B4A187300483FF3 /* gesture_node_normal@2x.png in Resources */ = {isa = PBXBuildFile; fileRef = 6A2E14881B4A187300483FF3 /* gesture_node_normal@2x.png */; };
/* End PBXBuildFile section */

/* Begin PBXContainerItemProxy section */
		6A2E14711B4A176D00483FF3 /* PBXContainerItemProxy */ = {
			isa = PBXContainerItemProxy;
			containerPortal = 6A2E144F1B4A176D00483FF3 /* Project object */;
			proxyType = 1;
			remoteGlobalIDString = 6A2E14561B4A176D00483FF3;
			remoteInfo = touchUnlock;
		};
/* End PBXContainerItemProxy section */

/* Begin PBXFileReference section */
		6A2E14571B4A176D00483FF3 /* touchUnlock.app */ = {isa = PBXFileReference; explicitFileType = wrapper.application; includeInIndex = 0; path = touchUnlock.app; sourceTree = BUILT_PRODUCTS_DIR; };
		6A2E145B1B4A176D00483FF3 /* Info.plist */ = {isa = PBXFileReference; lastKnownFileType = text.plist.xml; path = Info.plist; sourceTree = "<group>"; };
		6A2E145C1B4A176D00483FF3 /* main.m */ = {isa = PBXFileReference; lastKnownFileType = sourcecode.c.objc; path = main.m; sourceTree = "<group>"; };
		6A2E145E1B4A176D00483FF3 /* AppDelegate.h */ = {isa = PBXFileReference; lastKnownFileType = sourcecode.c.h; path = AppDelegate.h; sourceTree = "<group>"; };
		6A2E145F1B4A176D00483FF3 /* AppDelegate.m */ = {isa = PBXFileReference; lastKnownFileType = sourcecode.c.objc; path = AppDelegate.m; sourceTree = "<group>"; };
		6A2E14611B4A176D00483FF3 /* ViewController.h */ = {isa = PBXFileReference; lastKnownFileType = sourcecode.c.h; path = ViewController.h; sourceTree = "<group>"; };
		6A2E14621B4A176D00483FF3 /* ViewController.m */ = {isa = PBXFileReference; lastKnownFileType = sourcecode.c.objc; path = ViewController.m; sourceTree = "<group>"; };
		6A2E14651B4A176D00483FF3 /* Base */ = {isa = PBXFileReference; lastKnownFileType = file.storyboard; name = Base; path = Base.lproj/Main.storyboard; sourceTree = "<group>"; };
		6A2E14671B4A176D00483FF3 /* Images.xcassets */ = {isa = PBXFileReference; lastKnownFileType = folder.assetcatalog; path = Images.xcassets; sourceTree = "<group>"; };
		6A2E146A1B4A176D00483FF3 /* Base */ = {isa = PBXFileReference; lastKnownFileType = file.xib; name = Base; path = Base.lproj/LaunchScreen.xib; sourceTree = "<group>"; };
		6A2E14701B4A176D00483FF3 /* touchUnlockTests.xctest */ = {isa = PBXFileReference; explicitFileType = wrapper.cfbundle; includeInIndex = 0; path = touchUnlockTests.xctest; sourceTree = BUILT_PRODUCTS_DIR; };
		6A2E14751B4A176D00483FF3 /* Info.plist */ = {isa = PBXFileReference; lastKnownFileType = text.plist.xml; path = Info.plist; sourceTree = "<group>"; };
		6A2E14761B4A176D00483FF3 /* touchUnlockTests.m */ = {isa = PBXFileReference; lastKnownFileType = sourcecode.c.objc; path = touchUnlockTests.m; sourceTree = "<group>"; };
		6A2E14801B4A183D00483FF3 /* JLTouchUnlock.h */ = {isa = PBXFileReference; fileEncoding = 4; lastKnownFileType = sourcecode.c.h; name = JLTouchUnlock.h; path = JLTouchUnlock/JLTouchUnlock.h; sourceTree = "<group>"; };
		6A2E14811B4A183D00483FF3 /* JLTouchUnlock.m */ = {isa = PBXFileReference; fileEncoding = 4; lastKnownFileType = sourcecode.c.objc; name = JLTouchUnlock.m; path = JLTouchUnlock/JLTouchUnlock.m; sourceTree = "<group>"; };
		6A2E14851B4A187300483FF3 /* gesture_node_highlighted.png */ = {isa = PBXFileReference; lastKnownFileType = image.png; name = gesture_node_highlighted.png; path = JLTouchUnlock/gesture_node_highlighted.png; sourceTree = "<group>"; };
		6A2E14861B4A187300483FF3 /* gesture_node_highlighted@2x.png */ = {isa = PBXFileReference; lastKnownFileType = image.png; name = "gesture_node_highlighted@2x.png"; path = "JLTouchUnlock/gesture_node_highlighted@2x.png"; sourceTree = "<group>"; };
		6A2E14871B4A187300483FF3 /* gesture_node_normal.png */ = {isa = PBXFileReference; lastKnownFileType = image.png; name = gesture_node_normal.png; path = JLTouchUnlock/gesture_node_normal.png; sourceTree = "<group>"; };
		6A2E14881B4A187300483FF3 /* gesture_node_normal@2x.png */ = {isa = PBXFileReference; lastKnownFileType = image.png; name = "gesture_node_normal@2x.png"; path = "JLTouchUnlock/gesture_node_normal@2x.png"; sourceTree = "<group>"; };
/* End PBXFileReference section */

/* Begin PBXFrameworksBuildPhase section */
		6A2E14541B4A176D00483FF3 /* Frameworks */ = {
			isa = PBXFrameworksBuildPhase;
			buildActionMask = 2147483647;
			files = (
			);
			runOnlyForDeploymentPostprocessing = 0;
		};
		6A2E146D1B4A176D00483FF3 /* Frameworks */ = {
			isa = PBXFrameworksBuildPhase;
			buildActionMask = 2147483647;
			files = (
			);
			runOnlyForDeploymentPostprocessing = 0;
		};
/* End PBXFrameworksBuildPhase section */

/* Begin PBXGroup section */
		6A2E144E1B4A176D00483FF3 = {
			isa = PBXGroup;
			children = (
				6A2E14591B4A176D00483FF3 /* touchUnlock */,
				6A2E14731B4A176D00483FF3 /* touchUnlockTests */,
				6A2E14581B4A176D00483FF3 /* Products */,
			);
			sourceTree = "<group>";
		};
		6A2E14581B4A176D00483FF3 /* Products */ = {
			isa = PBXGroup;
			children = (
				6A2E14571B4A176D00483FF3 /* touchUnlock.app */,
				6A2E14701B4A176D00483FF3 /* touchUnlockTests.xctest */,
			);
			name = Products;
			sourceTree = "<group>";
		};
		6A2E14591B4A176D00483FF3 /* touchUnlock */ = {
			isa = PBXGroup;
			children = (
				6A2E14831B4A184700483FF3 /* JLTouchUnlock */,
				6A2E145E1B4A176D00483FF3 /* AppDelegate.h */,
				6A2E145F1B4A176D00483FF3 /* AppDelegate.m */,
				6A2E14611B4A176D00483FF3 /* ViewController.h */,
				6A2E14621B4A176D00483FF3 /* ViewController.m */,
				6A2E14641B4A176D00483FF3 /* Main.storyboard */,
				6A2E14671B4A176D00483FF3 /* Images.xcassets */,
				6A2E14691B4A176D00483FF3 /* LaunchScreen.xib */,
				6A2E145A1B4A176D00483FF3 /* Supporting Files */,
			);
			path = touchUnlock;
			sourceTree = "<group>";
		};
		6A2E145A1B4A176D00483FF3 /* Supporting Files */ = {
			isa = PBXGroup;
			children = (
				6A2E145B1B4A176D00483FF3 /* Info.plist */,
				6A2E145C1B4A176D00483FF3 /* main.m */,
			);
			name = "Supporting Files";
			sourceTree = "<group>";
		};
		6A2E14731B4A176D00483FF3 /* touchUnlockTests */ = {
			isa = PBXGroup;
			children = (
				6A2E14761B4A176D00483FF3 /* touchUnlockTests.m */,
				6A2E14741B4A176D00483FF3 /* Supporting Files */,
			);
			path = touchUnlockTests;
			sourceTree = "<group>";
		};
		6A2E14741B4A176D00483FF3 /* Supporting Files */ = {
			isa = PBXGroup;
			children = (
				6A2E14751B4A176D00483FF3 /* Info.plist */,
			);
			name = "Supporting Files";
			sourceTree = "<group>";
		};
		6A2E14831B4A184700483FF3 /* JLTouchUnlock */ = {
			isa = PBXGroup;
			children = (
				6A2E14801B4A183D00483FF3 /* JLTouchUnlock.h */,
				6A2E14811B4A183D00483FF3 /* JLTouchUnlock.m */,
				6A2E14841B4A185D00483FF3 /* source */,
			);
			name = JLTouchUnlock;
			sourceTree = "<group>";
		};
		6A2E14841B4A185D00483FF3 /* source */ = {
			isa = PBXGroup;
			children = (
				6A2E14851B4A187300483FF3 /* gesture_node_highlighted.png */,
				6A2E14861B4A187300483FF3 /* gesture_node_highlighted@2x.png */,
				6A2E14871B4A187300483FF3 /* gesture_node_normal.png */,
				6A2E14881B4A187300483FF3 /* gesture_node_normal@2x.png */,
			);
			name = source;
			sourceTree = "<group>";
		};
/* End PBXGroup section */

/* Begin PBXNativeTarget section */
		6A2E14561B4A176D00483FF3 /* touchUnlock */ = {
			isa = PBXNativeTarget;
			buildConfigurationList = 6A2E147A1B4A176D00483FF3 /* Build configuration list for PBXNativeTarget "touchUnlock" */;
			buildPhases = (
				6A2E14531B4A176D00483FF3 /* Sources */,
				6A2E14541B4A176D00483FF3 /* Frameworks */,
				6A2E14551B4A176D00483FF3 /* Resources */,
			);
			buildRules = (
			);
			dependencies = (
			);
			name = touchUnlock;
			productName = touchUnlock;
			productReference = 6A2E14571B4A176D00483FF3 /* touchUnlock.app */;
			productType = "com.apple.product-type.application";
		};
		6A2E146F1B4A176D00483FF3 /* touchUnlockTests */ = {
			isa = PBXNativeTarget;
			buildConfigurationList = 6A2E147D1B4A176D00483FF3 /* Build configuration list for PBXNativeTarget "touchUnlockTests" */;
			buildPhases = (
				6A2E146C1B4A176D00483FF3 /* Sources */,
				6A2E146D1B4A176D00483FF3 /* Frameworks */,
				6A2E146E1B4A176D00483FF3 /* Resources */,
			);
			buildRules = (
			);
			dependencies = (
				6A2E14721B4A176D00483FF3 /* PBXTargetDependency */,
			);
			name = touchUnlockTests;
			productName = touchUnlockTests;
			productReference = 6A2E14701B4A176D00483FF3 /* touchUnlockTests.xctest */;
			productType = "com.apple.product-type.bundle.unit-test";
		};
/* End PBXNativeTarget section */

/* Begin PBXProject section */
		6A2E144F1B4A176D00483FF3 /* Project object */ = {
			isa = PBXProject;
			attributes = {
				LastUpgradeCheck = 0640;
				ORGANIZATIONNAME = HA;
				TargetAttributes = {
					6A2E14561B4A176D00483FF3 = {
						CreatedOnToolsVersion = 6.4;
					};
					6A2E146F1B4A176D00483FF3 = {
						CreatedOnToolsVersion = 6.4;
						TestTargetID = 6A2E14561B4A176D00483FF3;
					};
				};
			};
			buildConfigurationList = 6A2E14521B4A176D00483FF3 /* Build configuration list for PBXProject "touchUnlock" */;
			compatibilityVersion = "Xcode 3.2";
			developmentRegion = English;
			hasScannedForEncodings = 0;
			knownRegions = (
				en,
				Base,
			);
			mainGroup = 6A2E144E1B4A176D00483FF3;
			productRefGroup = 6A2E14581B4A176D00483FF3 /* Products */;
			projectDirPath = "";
			projectRoot = "";
			targets = (
				6A2E14561B4A176D00483FF3 /* touchUnlock */,
				6A2E146F1B4A176D00483FF3 /* touchUnlockTests */,
			);
		};
/* End PBXProject section */

/* Begin PBXResourcesBuildPhase section */
		6A2E14551B4A176D00483FF3 /* Resources */ = {
			isa = PBXResourcesBuildPhase;
			buildActionMask = 2147483647;
			files = (
				6A2E14661B4A176D00483FF3 /* Main.storyboard in Resources */,
				6A2E148A1B4A187300483FF3 /* gesture_node_highlighted@2x.png in Resources */,
				6A2E148B1B4A187300483FF3 /* gesture_node_normal.png in Resources */,
				6A2E146B1B4A176D00483FF3 /* LaunchScreen.xib in Resources */,
				6A2E148C1B4A187300483FF3 /* gesture_node_normal@2x.png in Resources */,
				6A2E14681B4A176D00483FF3 /* Images.xcassets in Resources */,
				6A2E14891B4A187300483FF3 /* gesture_node_highlighted.png in Resources */,
			);
			runOnlyForDeploymentPostprocessing = 0;
		};
		6A2E146E1B4A176D00483FF3 /* Resources */ = {
			isa = PBXResourcesBuildPhase;
			buildActionMask = 2147483647;
			files = (
			);
			runOnlyForDeploymentPostprocessing = 0;
		};
/* End PBXResourcesBuildPhase section */

/* Begin PBXSourcesBuildPhase section */
		6A2E14531B4A176D00483FF3 /* Sources */ = {
			isa = PBXSourcesBuildPhase;
			buildActionMask = 2147483647;
			files = (
				6A2E14631B4A176D00483FF3 /* ViewController.m in Sources */,
				6A2E14601B4A176D00483FF3 /* AppDelegate.m in Sources */,
				6A2E145D1B4A176D00483FF3 /* main.m in Sources */,
				6A2E14821B4A183D00483FF3 /* JLTouchUnlock.m in Sources */,
			);
			runOnlyForDeploymentPostprocessing = 0;
		};
		6A2E146C1B4A176D00483FF3 /* Sources */ = {
			isa = PBXSourcesBuildPhase;
			buildActionMask = 2147483647;
			files = (
				6A2E14771B4A176D00483FF3 /* touchUnlockTests.m in Sources */,
			);
			runOnlyForDeploymentPostprocessing = 0;
		};
/* End PBXSourcesBuildPhase section */

/* Begin PBXTargetDependency section */
		6A2E14721B4A176D00483FF3 /* PBXTargetDependency */ = {
			isa = PBXTargetDependency;
			target = 6A2E14561B4A176D00483FF3 /* touchUnlock */;
			targetProxy = 6A2E14711B4A176D00483FF3 /* PBXContainerItemProxy */;
		};
/* End PBXTargetDependency section */

/* Begin PBXVariantGroup section */
		6A2E14641B4A176D00483FF3 /* Main.storyboard */ = {
			isa = PBXVariantGroup;
			children = (
				6A2E14651B4A176D00483FF3 /* Base */,
			);
			name = Main.storyboard;
			sourceTree = "<group>";
		};
		6A2E14691B4A176D00483FF3 /* LaunchScreen.xib */ = {
			isa = PBXVariantGroup;
			children = (
				6A2E146A1B4A176D00483FF3 /* Base */,
			);
			name = LaunchScreen.xib;
			sourceTree = "<group>";
		};
/* End PBXVariantGroup section */

/* Begin XCBuildConfiguration section */
		6A2E14781B4A176D00483FF3 /* Debug */ = {
			isa = XCBuildConfiguration;
			buildSettings = {
				ALWAYS_SEARCH_USER_PATHS = NO;
				CLANG_CXX_LANGUAGE_STANDARD = "gnu++0x";
				CLANG_CXX_LIBRARY = "libc++";
				CLANG_ENABLE_MODULES = YES;
				CLANG_ENABLE_OBJC_ARC = YES;
				CLANG_WARN_BOOL_CONVERSION = YES;
				CLANG_WARN_CONSTANT_CONVERSION = YES;
				CLANG_WARN_DIRECT_OBJC_ISA_USAGE = YES_ERROR;
				CLANG_WARN_EMPTY_BODY = YES;
				CLANG_WARN_ENUM_CONVERSION = YES;
				CLANG_WARN_INT_CONVERSION = YES;
				CLANG_WARN_OBJC_ROOT_CLASS = YES_ERROR;
				CLANG_WARN_UNREACHABLE_CODE = YES;
				CLANG_WARN__DUPLICATE_METHOD_MATCH = YES;
				"CODE_SIGN_IDENTITY[sdk=iphoneos*]" = "iPhone Developer";
				COPY_PHASE_STRIP = NO;
				DEBUG_INFORMATION_FORMAT = "dwarf-with-dsym";
				ENABLE_STRICT_OBJC_MSGSEND = YES;
				GCC_C_LANGUAGE_STANDARD = gnu99;
				GCC_DYNAMIC_NO_PIC = NO;
				GCC_NO_COMMON_BLOCKS = YES;
				GCC_OPTIMIZATION_LEVEL = 0;
				GCC_PREPROCESSOR_DEFINITIONS = (
					"DEBUG=1",
					"$(inherited)",
				);
				GCC_SYMBOLS_PRIVATE_EXTERN = NO;
				GCC_WARN_64_TO_32_BIT_CONVERSION = YES;
				GCC_WARN_ABOUT_RETURN_TYPE = YES_ERROR;
				GCC_WARN_UNDECLARED_SELECTOR = YES;
				GCC_WARN_UNINITIALIZED_AUTOS = YES_AGGRESSIVE;
				GCC_WARN_UNUSED_FUNCTION = YES;
				GCC_WARN_UNUSED_VARIABLE = YES;
				IPHONEOS_DEPLOYMENT_TARGET = 8.4;
				MTL_ENABLE_DEBUG_INFO = YES;
				ONLY_ACTIVE_ARCH = YES;
				SDKROOT = iphoneos;
			};
			name = Debug;
		};
		6A2E14791B4A176D00483FF3 /* Release */ = {
			isa = XCBuildConfiguration;
			buildSettings = {
				ALWAYS_SEARCH_USER_PATHS = NO;
				CLANG_CXX_LANGUAGE_STANDARD = "gnu++0x";
				CLANG_CXX_LIBRARY = "libc++";
				CLANG_ENABLE_MODULES = YES;
				CLANG_ENABLE_OBJC_ARC = YES;
				CLANG_WARN_BOOL_CONVERSION = YES;
				CLANG_WARN_CONSTANT_CONVERSION = YES;
				CLANG_WARN_DIRECT_OBJC_ISA_USAGE = YES_ERROR;
				CLANG_WARN_EMPTY_BODY = YES;
				CLANG_WARN_ENUM_CONVERSION = YES;
				CLANG_WARN_INT_CONVERSION = YES;
				CLANG_WARN_OBJC_ROOT_CLASS = YES_ERROR;
				CLANG_WARN_UNREACHABLE_CODE = YES;
				CLANG_WARN__DUPLICATE_METHOD_MATCH = YES;
				"CODE_SIGN_IDENTITY[sdk=iphoneos*]" = "iPhone Developer";
				COPY_PHASE_STRIP = NO;
				DEBUG_INFORMATION_FORMAT = "dwarf-with-dsym";
				ENABLE_NS_ASSERTIONS = NO;
				ENABLE_STRICT_OBJC_MSGSEND = YES;
				GCC_C_LANGUAGE_STANDARD = gnu99;
				GCC_NO_COMMON_BLOCKS = YES;
				GCC_WARN_64_TO_32_BIT_CONVERSION = YES;
				GCC_WARN_ABOUT_RETURN_TYPE = YES_ERROR;
				GCC_WARN_UNDECLARED_SELECTOR = YES;
				GCC_WARN_UNINITIALIZED_AUTOS = YES_AGGRESSIVE;
				GCC_WARN_UNUSED_FUNCTION = YES;
				GCC_WARN_UNUSED_VARIABLE = YES;
				IPHONEOS_DEPLOYMENT_TARGET = 8.4;
				MTL_ENABLE_DEBUG_INFO = NO;
				SDKROOT = iphoneos;
				VALIDATE_PRODUCT = YES;
			};
			name = Release;
		};
		6A2E147B1B4A176D00483FF3 /* Debug */ = {
			isa = XCBuildConfiguration;
			buildSettings = {
				ASSETCATALOG_COMPILER_APPICON_NAME = AppIcon;
				INFOPLIST_FILE = touchUnlock/Info.plist;
				LD_RUNPATH_SEARCH_PATHS = "$(inherited) @executable_path/Frameworks";
				PRODUCT_NAME = "$(TARGET_NAME)";
			};
			name = Debug;
		};
		6A2E147C1B4A176D00483FF3 /* Release */ = {
			isa = XCBuildConfiguration;
			buildSettings = {
				ASSETCATALOG_COMPILER_APPICON_NAME = AppIcon;
				INFOPLIST_FILE = touchUnlock/Info.plist;
				LD_RUNPATH_SEARCH_PATHS = "$(inherited) @executable_path/Frameworks";
				PRODUCT_NAME = "$(TARGET_NAME)";
			};
			name = Release;
		};
		6A2E147E1B4A176D00483FF3 /* Debug */ = {
			isa = XCBuildConfiguration;
			buildSettings = {
				BUNDLE_LOADER = "$(TEST_HOST)";
				FRAMEWORK_SEARCH_PATHS = (
					"$(SDKROOT)/Developer/Library/Frameworks",
					"$(inherited)",
				);
				GCC_PREPROCESSOR_DEFINITIONS = (
					"DEBUG=1",
					"$(inherited)",
				);
				INFOPLIST_FILE = touchUnlockTests/Info.plist;
				LD_RUNPATH_SEARCH_PATHS = "$(inherited) @executable_path/Frameworks @loader_path/Frameworks";
				PRODUCT_NAME = "$(TARGET_NAME)";
				TEST_HOST = "$(BUILT_PRODUCTS_DIR)/touchUnlock.app/touchUnlock";
			};
			name = Debug;
		};
		6A2E147F1B4A176D00483FF3 /* Release */ = {
			isa = XCBuildConfiguration;
			buildSettings = {
				BUNDLE_LOADER = "$(TEST_HOST)";
				FRAMEWORK_SEARCH_PATHS = (
					"$(SDKROOT)/Developer/Library/Frameworks",
					"$(inherited)",
				);
				INFOPLIST_FILE = touchUnlockTests/Info.plist;
				LD_RUNPATH_SEARCH_PATHS = "$(inherited) @executable_path/Frameworks @loader_path/Frameworks";
				PRODUCT_NAME = "$(TARGET_NAME)";
				TEST_HOST = "$(BUILT_PRODUCTS_DIR)/touchUnlock.app/touchUnlock";
			};
			name = Release;
		};
/* End XCBuildConfiguration section */

/* Begin XCConfigurationList section */
		6A2E14521B4A176D00483FF3 /* Build configuration list for PBXProject "touchUnlock" */ = {
			isa = XCConfigurationList;
			buildConfigurations = (
				6A2E14781B4A176D00483FF3 /* Debug */,
				6A2E14791B4A176D00483FF3 /* Release */,
			);
			defaultConfigurationIsVisible = 0;
			defaultConfigurationName = Release;
		};
		6A2E147A1B4A176D00483FF3 /* Build configuration list for PBXNativeTarget "touchUnlock" */ = {
			isa = XCConfigurationList;
			buildConfigurations = (
				6A2E147B1B4A176D00483FF3 /* Debug */,
				6A2E147C1B4A176D00483FF3 /* Release */,
			);
			defaultConfigurationIsVisible = 0;
		};
		6A2E147D1B4A176D00483FF3 /* Build configuration list for PBXNativeTarget "touchUnlockTests" */ = {
			isa = XCConfigurationList;
			buildConfigurations = (
				6A2E147E1B4A176D00483FF3 /* Debug */,
				6A2E147F1B4A176D00483FF3 /* Release */,
			);
			defaultConfigurationIsVisible = 0;
		};
/* End XCConfigurationList section */
	};
	rootObject = 6A2E144F1B4A176D00483FF3 /* Project object */;
}
